
Microsoft Visual Studio Solution File, Format Version 12.00
# Visual Studio Version 17
VisualStudioVersion = 17.11.35431.28
MinimumVisualStudioVersion = 10.0.40219.1
Project("{FAE04EC0-301F-11D3-BF4B-00C04F79EFBC}") = "Ascension", "Ascension\Ascension.csproj", "{A6BFE0BB-D64A-4DB5-8435-622526539E0B}"
EndProject
Global
	GlobalSection(SolutionConfigurationPlatforms) = preSolution
		Debug|Any CPU = Debug|Any CPU
		Release|Any CPU = Release|Any CPU
	EndGlobalSection
	GlobalSection(ProjectConfigurationPlatforms) = postSolution
		{A6BFE0BB-D64A-4DB5-8435-622526539E0B}.Debug|Any CPU.ActiveCfg = Debug|Any CPU
		{A6BFE0BB-D64A-4DB5-8435-622526539E0B}.Debug|Any CPU.Build.0 = Debug|Any CPU
		{A6BFE0BB-D64A-4DB5-8435-622526539E0B}.Release|Any CPU.ActiveCfg = Release|Any CPU
		{A6BFE0BB-D64A-4DB5-8435-622526539E0B}.Release|Any CPU.Build.0 = Release|Any CPU
	EndGlobalSection
	GlobalSection(SolutionProperties) = preSolution
		HideSolutionNode = FALSE
	EndGlobalSection
	GlobalSection(ExtensibilityGlobals) = postSolution
		SolutionGuid = {7AC71E8F-3A46-41A6-B906-44C779AAC311}
	EndGlobalSection
EndGlobal
